
Microsoft Visual Studio Solution File, Format Version 12.00
# Visual Studio 14
VisualStudioVersion = 14.0.25420.1
MinimumVisualStudioVersion = 10.0.40219.1
Project("{FAE04EC0-301F-11D3-BF4B-00C04F79EFBC}") = "ValidationControls", "ValidationControls\ValidationControls.csproj", "{7D6B766B-AB41-40B6-B7B4-D005D41FBCC3}"
EndProject
Project("{FAE04EC0-301F-11D3-BF4B-00C04F79EFBC}") = "WebsiteNew2", "..\WebsiteNew2\WebsiteNew2\WebsiteNew2.csproj", "{835D1DF3-361E-45E7-B73F-DE9523C74A14}"
EndProject
Global
	GlobalSection(SolutionConfigurationPlatforms) = preSolution
		Debug|Any CPU = Debug|Any CPU
		Release|Any CPU = Release|Any CPU
	EndGlobalSection
	GlobalSection(ProjectConfigurationPlatforms) = postSolution
		{7D6B766B-AB41-40B6-B7B4-D005D41FBCC3}.Debug|Any CPU.ActiveCfg = Debug|Any CPU
		{7D6B766B-AB41-40B6-B7B4-D005D41FBCC3}.Debug|Any CPU.Build.0 = Debug|Any CPU
		{7D6B766B-AB41-40B6-B7B4-D005D41FBCC3}.Release|Any CPU.ActiveCfg = Release|Any CPU
		{7D6B766B-AB41-40B6-B7B4-D005D41FBCC3}.Release|Any CPU.Build.0 = Release|Any CPU
		{835D1DF3-361E-45E7-B73F-DE9523C74A14}.Debug|Any CPU.ActiveCfg = Debug|Any CPU
		{835D1DF3-361E-45E7-B73F-DE9523C74A14}.Debug|Any CPU.Build.0 = Debug|Any CPU
		{835D1DF3-361E-45E7-B73F-DE9523C74A14}.Release|Any CPU.ActiveCfg = Release|Any CPU
		{835D1DF3-361E-45E7-B73F-DE9523C74A14}.Release|Any CPU.Build.0 = Release|Any CPU
	EndGlobalSection
	GlobalSection(SolutionProperties) = preSolution
		HideSolutionNode = FALSE
	EndGlobalSection
EndGlobal
